schema: '2.0'
stages:
  data_prep:
    cmd: python src/data_prep.py
    deps:
    - path: data/raw/telco_churn.csv
      hash: md5
      md5: 006527876bfe18c977d74eb4bc59443f
      size: 873370
    - path: src/data_prep.py
      hash: md5
      md5: 015994a2b74064e8591cb4c3aa20dca7
      size: 1363
    outs:
    - path: outputs/telco_churn_clean.csv
      hash: md5
      md5: 0cf1db3ca1bc74b2c1612460a4879428
      size: 1015319
  train:
    cmd: python src/train.py
    deps:
    - path: outputs/telco_churn_clean.csv
      hash: md5
      md5: 3cdbfeb64a5df4f2e77cfd3d66caecf0
      size: 1022253
    - path: src/train.py
      hash: md5
      md5: 83058d237d6375f27ddc3249ffba9687
      size: 3633
    params:
      params.yaml:
        train:
          test_size: 0.2
          random_state: 42
          model_name: random_forest
          random_forest:
            n_estimators: 150
            max_depth: 15
            min_samples_split: 12
            min_samples_leaf: 2
          logistic_regression:
            C: 5
            penalty: l2
            max_iter: 1000
            solver: liblinear
    outs:
    - path: metrics.json
      hash: md5
      md5: 9480115b80fd6c2039993235c79693ce
      size: 132
    - path: models/model.joblib
      hash: md5
      md5: 66819789a9477c1d9651d8c46b15f04b
      size: 14513209
  evaluate:
    cmd: python src/evaluate.py
    deps:
    - path: models/model.joblib
      hash: md5
      md5: 66819789a9477c1d9651d8c46b15f04b
      size: 14513209
    - path: outputs/telco_churn_clean.csv
      hash: md5
      md5: 3cdbfeb64a5df4f2e77cfd3d66caecf0
      size: 1022253
    - path: src/evaluate.py
      hash: md5
      md5: 85695087a466a4673fe7c24e04fe8f4f
      size: 1234
    outs:
    - path: reports/
      hash: md5
      md5: 199487c5b12d296b9b6d2d6ada22472d.dir
      size: 37713
      nfiles: 3
