schema: '2.0'
stages:
  data_prep:
    cmd: python src/data_prep.py
    deps:
    - path: data/raw/telco_churn.csv
      hash: md5
      md5: 006527876bfe18c977d74eb4bc59443f
      size: 873370
    - path: src/data_prep.py
      hash: md5
      md5: 015994a2b74064e8591cb4c3aa20dca7
      size: 1363
    outs:
    - path: outputs/telco_churn_clean.csv
      hash: md5
      md5: 0cf1db3ca1bc74b2c1612460a4879428
      size: 1015319
  train:
    cmd: python src/train.py
    deps:
    - path: outputs/telco_churn_clean.csv
      hash: md5
      md5: 0cf1db3ca1bc74b2c1612460a4879428
      size: 1015319
    - path: params.yaml
      hash: md5
      md5: d20023d4ea343b1e30b47c0fd059449a
      size: 314
    - path: src/train.py
      hash: md5
      md5: b86d8cf3a533cbb378ab65908541ddc8
      size: 4147
    outs:
    - path: metrics.json
      hash: md5
      md5: 7724e2a7f6598a3bea7b99b31acba320
      size: 144
    - path: models/model.joblib
      hash: md5
      md5: e0f462fc1699174660f7c90a967eae9e
      size: 1019
  evaluate:
    cmd: python src/evaluate.py
    deps:
    - path: models/model.joblib
      hash: md5
      md5: e0f462fc1699174660f7c90a967eae9e
      size: 1019
    - path: outputs/telco_churn_clean.csv
      hash: md5
      md5: 0cf1db3ca1bc74b2c1612460a4879428
      size: 1015319
    - path: src/evaluate.py
      hash: md5
      md5: b6302ab22d963bccbc375682c9ca41a8
      size: 1265
    outs:
    - path: reports/
      hash: md5
      md5: 7cf04f875917ae57e12150684f0ddaff.dir
      size: 40199
      nfiles: 3
